
Microsoft Visual Studio Solution File, Format Version 12.00
# Visual Studio 2012
Project("{F14B399A-7131-4C87-9E4B-1186C45EF12D}") = "Exam_Report1", "Exam_Report1\Exam_Report1.rptproj", "{AA55659D-15F1-4FB0-83CA-745F6540DFC8}"
EndProject
Global
	GlobalSection(SolutionConfigurationPlatforms) = preSolution
		Debug|Default = Debug|Default
		DebugLocal|Default = DebugLocal|Default
		Release|Default = Release|Default
	EndGlobalSection
	GlobalSection(ProjectConfigurationPlatforms) = postSolution
		{AA55659D-15F1-4FB0-83CA-745F6540DFC8}.Debug|Default.ActiveCfg = Debug
		{AA55659D-15F1-4FB0-83CA-745F6540DFC8}.Debug|Default.Build.0 = Debug
		{AA55659D-15F1-4FB0-83CA-745F6540DFC8}.Debug|Default.Deploy.0 = Debug
		{AA55659D-15F1-4FB0-83CA-745F6540DFC8}.DebugLocal|Default.ActiveCfg = DebugLocal
		{AA55659D-15F1-4FB0-83CA-745F6540DFC8}.DebugLocal|Default.Build.0 = DebugLocal
		{AA55659D-15F1-4FB0-83CA-745F6540DFC8}.Release|Default.ActiveCfg = Release
		{AA55659D-15F1-4FB0-83CA-745F6540DFC8}.Release|Default.Build.0 = Release
		{AA55659D-15F1-4FB0-83CA-745F6540DFC8}.Release|Default.Deploy.0 = Release
	EndGlobalSection
	GlobalSection(SolutionProperties) = preSolution
		HideSolutionNode = FALSE
	EndGlobalSection
EndGlobal
